{
  "version": 4,
  "terraform_version": "1.1.9",
  "serial": 46,
  "lineage": "edba54cd-34a8-ab81-257b-aa1d129b6949",
  "outputs": {
    "nic_name": {
      "value": "suna0011A05Nic",
      "type": "string"
    },
    "public_ip": {
      "value": "172.191.95.47",
      "type": "string"
    },
    "resource_group_name": {
      "value": "suna0011-A05RG",
      "type": "string"
    },
    "vm_name": {
      "value": "suna0011A05VM",
      "type": "string"
    }
  },
  "resources": [
    {
      "mode": "data",
      "type": "cloudinit_config",
      "name": "init",
      "provider": "provider[\"registry.terraform.io/hashicorp/cloudinit\"]",
      "instances": [
        {
          "schema_version": 0,
          "attributes": {
            "base64_encode": true,
            "boundary": "MIMEBOUNDARY",
            "gzip": false,
            "id": "4110332860",
            "part": [
              {
                "content": "#!/bin/bash\nsudo apt-get update\nsudo apt-get install -y apache2\n\n",
                "content_type": "text/x-shellscript",
                "filename": "init.sh",
                "merge_type": null
              }
            ],
            "rendered": "Q29udGVudC1UeXBlOiBtdWx0aXBhcnQvbWl4ZWQ7IGJvdW5kYXJ5PSJNSU1FQk9VTkRBUlkiCk1JTUUtVmVyc2lvbjogMS4wDQoNCi0tTUlNRUJPVU5EQVJZDQpDb250ZW50LURpc3Bvc2l0aW9uOiBhdHRhY2htZW50OyBmaWxlbmFtZT0iaW5pdC5zaCINCkNvbnRlbnQtVHJhbnNmZXItRW5jb2Rpbmc6IDdiaXQNCkNvbnRlbnQtVHlwZTogdGV4dC94LXNoZWxsc2NyaXB0DQpNaW1lLVZlcnNpb246IDEuMA0KDQojIS9iaW4vYmFzaApzdWRvIGFwdC1nZXQgdXBkYXRlCnN1ZG8gYXB0LWdldCBpbnN0YWxsIC15IGFwYWNoZTIKCg0KLS1NSU1FQk9VTkRBUlktLQ0K"
          },
          "sensitive_attributes": []
        }
      ]
    },
    {
      "mode": "managed",
      "type": "azurerm_linux_virtual_machine",
      "name": "webserver",
      "provider": "provider[\"registry.terraform.io/hashicorp/azurerm\"]",
      "instances": [
        {
          "schema_version": 0,
          "attributes": {
            "additional_capabilities": [],
            "admin_password": null,
            "admin_ssh_key": [
              {
                "public_key": "ssh-rsa AAAAB3NzaC1yc2EAAAADAQABAAABgQDU5O7JVVmNZRJSIQ9a2eWd1JdT0xzM9AftK+pXnQtjvdr1u/slReEDONJLa7Sw7Ra7Qv/ZjIgkrwnTqV4b+JkeCSLp3xRXpvTWsXZeQMHreLjryifaj13OXeygkC9qZLWipBYM28l4m1Bw/lu0JWLRuoC0crn/jcPioLcx9rl4bajEC4RUjDd667HhFuoJS3R7/MorP1GiXjFYkmaWBXgESzo7YQ5u8mv7rJjBxWJk4PkxOJexET6eQgZLb1NVwYAAIgBvISNR/iilI6Gucs/IFFUyHnmeHpWrjQOMDvXgeWzBoerWOrdDrPzgFo7s0G30Zf9qws5lhRN3m9sTgRKHI4twlM8e5uglkpnPwKZkhBj+Qxd2baOyy3KB53U2W+TSuKgvXGWPoh7QoXTufJZ6VquewtL+VAlkkADHoK/KSnbuSBVbBFM6m4YnG9vZLccAQOD/6K/zzS1eSvKZScfdbWKv+u6jIQcgxG3orGruGXWQeLpU7PmtGWKWspsN4lE= fattehali@Fattehalis-MacBook-Air.local\n",
                "username": "azureadmin"
              }
            ],
            "admin_username": "azureadmin",
            "allow_extension_operations": true,
            "availability_set_id": "",
            "boot_diagnostics": [],
            "computer_name": "suna0011A05VM",
            "custom_data": "Q29udGVudC1UeXBlOiBtdWx0aXBhcnQvbWl4ZWQ7IGJvdW5kYXJ5PSJNSU1FQk9VTkRBUlkiCk1JTUUtVmVyc2lvbjogMS4wDQoNCi0tTUlNRUJPVU5EQVJZDQpDb250ZW50LURpc3Bvc2l0aW9uOiBhdHRhY2htZW50OyBmaWxlbmFtZT0iaW5pdC5zaCINCkNvbnRlbnQtVHJhbnNmZXItRW5jb2Rpbmc6IDdiaXQNCkNvbnRlbnQtVHlwZTogdGV4dC94LXNoZWxsc2NyaXB0DQpNaW1lLVZlcnNpb246IDEuMA0KDQojIS9iaW4vYmFzaApzdWRvIGFwdC1nZXQgdXBkYXRlCnN1ZG8gYXB0LWdldCBpbnN0YWxsIC15IGFwYWNoZTIKCg0KLS1NSU1FQk9VTkRBUlktLQ0K",
            "dedicated_host_group_id": "",
            "dedicated_host_id": "",
            "disable_password_authentication": true,
            "edge_zone": "",
            "encryption_at_host_enabled": false,
            "eviction_policy": "",
            "extensions_time_budget": "PT1H30M",
            "id": "/subscriptions/fd2bc155-ae69-4cf2-8b18-bc670c1ae82a/resourceGroups/suna0011-A05RG/providers/Microsoft.Compute/virtualMachines/suna0011A05VM",
            "identity": [],
            "license_type": "",
            "location": "eastus",
            "max_bid_price": -1,
            "name": "suna0011A05VM",
            "network_interface_ids": [
              "/subscriptions/fd2bc155-ae69-4cf2-8b18-bc670c1ae82a/resourceGroups/suna0011-A05RG/providers/Microsoft.Network/networkInterfaces/suna0011A05Nic"
            ],
            "os_disk": [
              {
                "caching": "ReadWrite",
                "diff_disk_settings": [],
                "disk_encryption_set_id": "",
                "disk_size_gb": 30,
                "name": "suna0011A05OSDisk",
                "storage_account_type": "Standard_LRS",
                "write_accelerator_enabled": false
              }
            ],
            "patch_mode": "ImageDefault",
            "plan": [],
            "platform_fault_domain": -1,
            "priority": "Regular",
            "private_ip_address": "10.0.1.4",
            "private_ip_addresses": [
              "10.0.1.4"
            ],
            "provision_vm_agent": true,
            "proximity_placement_group_id": "",
            "public_ip_address": "172.191.95.47",
            "public_ip_addresses": [
              "172.191.95.47"
            ],
            "resource_group_name": "suna0011-A05RG",
            "secret": [],
            "secure_boot_enabled": false,
            "size": "Standard_B1s",
            "source_image_id": "",
            "source_image_reference": [
              {
                "offer": "0001-com-ubuntu-server-jammy",
                "publisher": "Canonical",
                "sku": "22_04-lts-gen2",
                "version": "latest"
              }
            ],
            "tags": null,
            "termination_notification": null,
            "timeouts": null,
            "user_data": "",
            "virtual_machine_id": "688af8eb-20de-4cd5-a687-ba3b32d040fa",
            "virtual_machine_scale_set_id": "",
            "vtpm_enabled": false,
            "zone": ""
          },
          "sensitive_attributes": [],
          "private": "eyJlMmJmYjczMC1lY2FhLTExZTYtOGY4OC0zNDM2M2JjN2M0YzAiOnsiY3JlYXRlIjoyNzAwMDAwMDAwMDAwLCJkZWxldGUiOjI3MDAwMDAwMDAwMDAsInJlYWQiOjMwMDAwMDAwMDAwMCwidXBkYXRlIjoyNzAwMDAwMDAwMDAwfX0=",
          "dependencies": [
            "azurerm_network_interface.webserver",
            "azurerm_public_ip.webserver",
            "azurerm_resource_group.rg",
            "azurerm_subnet.webserver",
            "azurerm_virtual_network.vnet",
            "data.cloudinit_config.init"
          ]
        }
      ]
    },
    {
      "mode": "managed",
      "type": "azurerm_network_interface",
      "name": "webserver",
      "provider": "provider[\"registry.terraform.io/hashicorp/azurerm\"]",
      "instances": [
        {
          "schema_version": 0,
          "attributes": {
            "applied_dns_servers": [],
            "dns_servers": [],
            "edge_zone": "",
            "enable_accelerated_networking": false,
            "enable_ip_forwarding": false,
            "id": "/subscriptions/fd2bc155-ae69-4cf2-8b18-bc670c1ae82a/resourceGroups/suna0011-A05RG/providers/Microsoft.Network/networkInterfaces/suna0011A05Nic",
            "internal_dns_name_label": "",
            "internal_domain_name_suffix": "dmuxfzendi0effbszbppqizwma.bx.internal.cloudapp.net",
            "ip_configuration": [
              {
                "gateway_load_balancer_frontend_ip_configuration_id": "",
                "name": "suna0011A05NicConfig",
                "primary": true,
                "private_ip_address": "10.0.1.4",
                "private_ip_address_allocation": "Dynamic",
                "private_ip_address_version": "IPv4",
                "public_ip_address_id": "/subscriptions/fd2bc155-ae69-4cf2-8b18-bc670c1ae82a/resourceGroups/suna0011-A05RG/providers/Microsoft.Network/publicIPAddresses/suna0011A05PublicIP",
                "subnet_id": "/subscriptions/fd2bc155-ae69-4cf2-8b18-bc670c1ae82a/resourceGroups/suna0011-A05RG/providers/Microsoft.Network/virtualNetworks/suna0011A05Vnet/subnets/suna0011A05Subnet"
              }
            ],
            "location": "eastus",
            "mac_address": "",
            "name": "suna0011A05Nic",
            "private_ip_address": "10.0.1.4",
            "private_ip_addresses": [
              "10.0.1.4"
            ],
            "resource_group_name": "suna0011-A05RG",
            "tags": null,
            "timeouts": null,
            "virtual_machine_id": ""
          },
          "sensitive_attributes": [],
          "private": "eyJlMmJmYjczMC1lY2FhLTExZTYtOGY4OC0zNDM2M2JjN2M0YzAiOnsiY3JlYXRlIjoxODAwMDAwMDAwMDAwLCJkZWxldGUiOjE4MDAwMDAwMDAwMDAsInJlYWQiOjMwMDAwMDAwMDAwMCwidXBkYXRlIjoxODAwMDAwMDAwMDAwfX0=",
          "dependencies": [
            "azurerm_public_ip.webserver",
            "azurerm_resource_group.rg",
            "azurerm_subnet.webserver",
            "azurerm_virtual_network.vnet"
          ]
        }
      ]
    },
    {
      "mode": "managed",
      "type": "azurerm_network_interface_security_group_association",
      "name": "webserver",
      "provider": "provider[\"registry.terraform.io/hashicorp/azurerm\"]",
      "instances": [
        {
          "schema_version": 0,
          "attributes": {
            "id": "/subscriptions/fd2bc155-ae69-4cf2-8b18-bc670c1ae82a/resourceGroups/suna0011-A05RG/providers/Microsoft.Network/networkInterfaces/suna0011A05Nic|/subscriptions/fd2bc155-ae69-4cf2-8b18-bc670c1ae82a/resourceGroups/suna0011-A05RG/providers/Microsoft.Network/networkSecurityGroups/suna0011A05SG",
            "network_interface_id": "/subscriptions/fd2bc155-ae69-4cf2-8b18-bc670c1ae82a/resourceGroups/suna0011-A05RG/providers/Microsoft.Network/networkInterfaces/suna0011A05Nic",
            "network_security_group_id": "/subscriptions/fd2bc155-ae69-4cf2-8b18-bc670c1ae82a/resourceGroups/suna0011-A05RG/providers/Microsoft.Network/networkSecurityGroups/suna0011A05SG",
            "timeouts": null
          },
          "sensitive_attributes": [],
          "private": "eyJlMmJmYjczMC1lY2FhLTExZTYtOGY4OC0zNDM2M2JjN2M0YzAiOnsiY3JlYXRlIjoxODAwMDAwMDAwMDAwLCJkZWxldGUiOjE4MDAwMDAwMDAwMDAsInJlYWQiOjMwMDAwMDAwMDAwMCwidXBkYXRlIjoxODAwMDAwMDAwMDAwfX0=",
          "dependencies": [
            "azurerm_network_interface.webserver",
            "azurerm_network_security_group.webserver",
            "azurerm_public_ip.webserver",
            "azurerm_resource_group.rg",
            "azurerm_subnet.webserver",
            "azurerm_virtual_network.vnet"
          ]
        }
      ]
    },
    {
      "mode": "managed",
      "type": "azurerm_network_security_group",
      "name": "webserver",
      "provider": "provider[\"registry.terraform.io/hashicorp/azurerm\"]",
      "instances": [
        {
          "schema_version": 0,
          "attributes": {
            "id": "/subscriptions/fd2bc155-ae69-4cf2-8b18-bc670c1ae82a/resourceGroups/suna0011-A05RG/providers/Microsoft.Network/networkSecurityGroups/suna0011A05SG",
            "location": "eastus",
            "name": "suna0011A05SG",
            "resource_group_name": "suna0011-A05RG",
            "security_rule": [
              {
                "access": "Allow",
                "description": "",
                "destination_address_prefix": "*",
                "destination_address_prefixes": [],
                "destination_application_security_group_ids": [],
                "destination_port_range": "22",
                "destination_port_ranges": [],
                "direction": "Inbound",
                "name": "SSH",
                "priority": 1001,
                "protocol": "Tcp",
                "source_address_prefix": "*",
                "source_address_prefixes": [],
                "source_application_security_group_ids": [],
                "source_port_range": "*",
                "source_port_ranges": []
              },
              {
                "access": "Allow",
                "description": "",
                "destination_address_prefix": "*",
                "destination_address_prefixes": [],
                "destination_application_security_group_ids": [],
                "destination_port_range": "80",
                "destination_port_ranges": [],
                "direction": "Inbound",
                "name": "HTTP",
                "priority": 1002,
                "protocol": "Tcp",
                "source_address_prefix": "*",
                "source_address_prefixes": [],
                "source_application_security_group_ids": [],
                "source_port_range": "*",
                "source_port_ranges": []
              }
            ],
            "tags": null,
            "timeouts": null
          },
          "sensitive_attributes": [],
          "private": "eyJlMmJmYjczMC1lY2FhLTExZTYtOGY4OC0zNDM2M2JjN2M0YzAiOnsiY3JlYXRlIjoxODAwMDAwMDAwMDAwLCJkZWxldGUiOjE4MDAwMDAwMDAwMDAsInJlYWQiOjMwMDAwMDAwMDAwMCwidXBkYXRlIjoxODAwMDAwMDAwMDAwfX0=",
          "dependencies": [
            "azurerm_resource_group.rg"
          ]
        }
      ]
    },
    {
      "mode": "managed",
      "type": "azurerm_public_ip",
      "name": "webserver",
      "provider": "provider[\"registry.terraform.io/hashicorp/azurerm\"]",
      "instances": [
        {
          "schema_version": 0,
          "attributes": {
            "allocation_method": "Dynamic",
            "domain_name_label": null,
            "edge_zone": "",
            "fqdn": null,
            "id": "/subscriptions/fd2bc155-ae69-4cf2-8b18-bc670c1ae82a/resourceGroups/suna0011-A05RG/providers/Microsoft.Network/publicIPAddresses/suna0011A05PublicIP",
            "idle_timeout_in_minutes": 4,
            "ip_address": "",
            "ip_tags": null,
            "ip_version": "IPv4",
            "location": "eastus",
            "name": "suna0011A05PublicIP",
            "public_ip_prefix_id": null,
            "resource_group_name": "suna0011-A05RG",
            "reverse_fqdn": null,
            "sku": "Basic",
            "sku_tier": "Regional",
            "tags": null,
            "timeouts": null,
            "zones": null
          },
          "sensitive_attributes": [],
          "private": "eyJlMmJmYjczMC1lY2FhLTExZTYtOGY4OC0zNDM2M2JjN2M0YzAiOnsiY3JlYXRlIjoxODAwMDAwMDAwMDAwLCJkZWxldGUiOjE4MDAwMDAwMDAwMDAsInJlYWQiOjMwMDAwMDAwMDAwMCwidXBkYXRlIjoxODAwMDAwMDAwMDAwfX0=",
          "dependencies": [
            "azurerm_resource_group.rg"
          ]
        }
      ]
    },
    {
      "mode": "managed",
      "type": "azurerm_resource_group",
      "name": "rg",
      "provider": "provider[\"registry.terraform.io/hashicorp/azurerm\"]",
      "instances": [
        {
          "schema_version": 0,
          "attributes": {
            "id": "/subscriptions/fd2bc155-ae69-4cf2-8b18-bc670c1ae82a/resourceGroups/suna0011-A05RG",
            "location": "eastus",
            "name": "suna0011-A05RG",
            "tags": null,
            "timeouts": null
          },
          "sensitive_attributes": [],
          "private": "eyJlMmJmYjczMC1lY2FhLTExZTYtOGY4OC0zNDM2M2JjN2M0YzAiOnsiY3JlYXRlIjo1NDAwMDAwMDAwMDAwLCJkZWxldGUiOjU0MDAwMDAwMDAwMDAsInJlYWQiOjMwMDAwMDAwMDAwMCwidXBkYXRlIjo1NDAwMDAwMDAwMDAwfX0="
        }
      ]
    },
    {
      "mode": "managed",
      "type": "azurerm_subnet",
      "name": "webserver",
      "provider": "provider[\"registry.terraform.io/hashicorp/azurerm\"]",
      "instances": [
        {
          "schema_version": 0,
          "attributes": {
            "address_prefixes": [
              "10.0.1.0/24"
            ],
            "delegation": [],
            "enforce_private_link_endpoint_network_policies": false,
            "enforce_private_link_service_network_policies": false,
            "id": "/subscriptions/fd2bc155-ae69-4cf2-8b18-bc670c1ae82a/resourceGroups/suna0011-A05RG/providers/Microsoft.Network/virtualNetworks/suna0011A05Vnet/subnets/suna0011A05Subnet",
            "name": "suna0011A05Subnet",
            "resource_group_name": "suna0011-A05RG",
            "service_endpoint_policy_ids": null,
            "service_endpoints": null,
            "timeouts": null,
            "virtual_network_name": "suna0011A05Vnet"
          },
          "sensitive_attributes": [],
          "private": "eyJlMmJmYjczMC1lY2FhLTExZTYtOGY4OC0zNDM2M2JjN2M0YzAiOnsiY3JlYXRlIjoxODAwMDAwMDAwMDAwLCJkZWxldGUiOjE4MDAwMDAwMDAwMDAsInJlYWQiOjMwMDAwMDAwMDAwMCwidXBkYXRlIjoxODAwMDAwMDAwMDAwfX0=",
          "dependencies": [
            "azurerm_resource_group.rg",
            "azurerm_virtual_network.vnet"
          ]
        }
      ]
    },
    {
      "mode": "managed",
      "type": "azurerm_virtual_network",
      "name": "vnet",
      "provider": "provider[\"registry.terraform.io/hashicorp/azurerm\"]",
      "instances": [
        {
          "schema_version": 0,
          "attributes": {
            "address_space": [
              "10.0.0.0/16"
            ],
            "bgp_community": "",
            "ddos_protection_plan": [],
            "dns_servers": [],
            "edge_zone": "",
            "flow_timeout_in_minutes": 0,
            "guid": "e472291b-1a8d-4234-9432-c85ef8233660",
            "id": "/subscriptions/fd2bc155-ae69-4cf2-8b18-bc670c1ae82a/resourceGroups/suna0011-A05RG/providers/Microsoft.Network/virtualNetworks/suna0011A05Vnet",
            "location": "eastus",
            "name": "suna0011A05Vnet",
            "resource_group_name": "suna0011-A05RG",
            "subnet": [],
            "tags": null,
            "timeouts": null
          },
          "sensitive_attributes": [],
          "private": "eyJlMmJmYjczMC1lY2FhLTExZTYtOGY4OC0zNDM2M2JjN2M0YzAiOnsiY3JlYXRlIjoxODAwMDAwMDAwMDAwLCJkZWxldGUiOjE4MDAwMDAwMDAwMDAsInJlYWQiOjMwMDAwMDAwMDAwMCwidXBkYXRlIjoxODAwMDAwMDAwMDAwfX0=",
          "dependencies": [
            "azurerm_resource_group.rg"
          ]
        }
      ]
    }
  ]
}
